
Microsoft Visual Studio Solution File, Format Version 12.00
# Visual Studio Version 16
VisualStudioVersion = 16.0.28803.352
MinimumVisualStudioVersion = 10.0.40219.1
Project("{9A19103F-16F7-4668-BE54-9A1E7A4F7556}") = "01.CountCharsInString", "..\01.CountCharsInString\01.CountCharsInString.csproj", "{84FEE1C7-51BB-468B-BD1F-4CD1A0E414D2}"
EndProject
Project("{9A19103F-16F7-4668-BE54-9A1E7A4F7556}") = "02.AMinerTask", "..\02.AMinerTask\02.AMinerTask.csproj", "{FD1ADE1E-7FE1-4884-820B-AF69372D5C1D}"
EndProject
Project("{9A19103F-16F7-4668-BE54-9A1E7A4F7556}") = "03.LegendaryFarming", "..\03.LegendaryFarming\03.LegendaryFarming.csproj", "{8C1795E9-AEC5-4214-987D-44C344D8D250}"
EndProject
Project("{9A19103F-16F7-4668-BE54-9A1E7A4F7556}") = "04.Orders", "04.Orders\04.Orders.csproj", "{E9E4BA9B-2C75-420C-A82B-A1E382B10C01}"
EndProject
Project("{9A19103F-16F7-4668-BE54-9A1E7A4F7556}") = "05.SoftUniParking", "05.SoftUniParking\05.SoftUniParking.csproj", "{3B36B049-7ECC-41D9-B842-231B4880CE10}"
EndProject
Project("{9A19103F-16F7-4668-BE54-9A1E7A4F7556}") = "06.Courses", "06.Courses\06.Courses.csproj", "{13922BA4-DC27-44A5-A749-287CFC0E5BFD}"
EndProject
Project("{9A19103F-16F7-4668-BE54-9A1E7A4F7556}") = "07.StudentAcademy", "07.StudentAcademy\07.StudentAcademy.csproj", "{FB59C0F8-6F14-4A1A-BB99-0D6491FEB02C}"
EndProject
Project("{9A19103F-16F7-4668-BE54-9A1E7A4F7556}") = "08.CompanyUsers", "08.CompanyUsers\08.CompanyUsers.csproj", "{83889E65-ED80-48B8-95F5-A1699D0F173C}"
EndProject
Project("{FAE04EC0-301F-11D3-BF4B-00C04F79EFBC}") = "09.ForceBook", "09.ForceBook\09.ForceBook.csproj", "{9AD83B24-9184-494F-B7A9-5265256563AA}"
EndProject
Global
	GlobalSection(SolutionConfigurationPlatforms) = preSolution
		Debug|Any CPU = Debug|Any CPU
		Release|Any CPU = Release|Any CPU
	EndGlobalSection
	GlobalSection(ProjectConfigurationPlatforms) = postSolution
		{84FEE1C7-51BB-468B-BD1F-4CD1A0E414D2}.Debug|Any CPU.ActiveCfg = Debug|Any CPU
		{84FEE1C7-51BB-468B-BD1F-4CD1A0E414D2}.Debug|Any CPU.Build.0 = Debug|Any CPU
		{84FEE1C7-51BB-468B-BD1F-4CD1A0E414D2}.Release|Any CPU.ActiveCfg = Release|Any CPU
		{84FEE1C7-51BB-468B-BD1F-4CD1A0E414D2}.Release|Any CPU.Build.0 = Release|Any CPU
		{FD1ADE1E-7FE1-4884-820B-AF69372D5C1D}.Debug|Any CPU.ActiveCfg = Debug|Any CPU
		{FD1ADE1E-7FE1-4884-820B-AF69372D5C1D}.Debug|Any CPU.Build.0 = Debug|Any CPU
		{FD1ADE1E-7FE1-4884-820B-AF69372D5C1D}.Release|Any CPU.ActiveCfg = Release|Any CPU
		{FD1ADE1E-7FE1-4884-820B-AF69372D5C1D}.Release|Any CPU.Build.0 = Release|Any CPU
		{8C1795E9-AEC5-4214-987D-44C344D8D250}.Debug|Any CPU.ActiveCfg = Debug|Any CPU
		{8C1795E9-AEC5-4214-987D-44C344D8D250}.Debug|Any CPU.Build.0 = Debug|Any CPU
		{8C1795E9-AEC5-4214-987D-44C344D8D250}.Release|Any CPU.ActiveCfg = Release|Any CPU
		{8C1795E9-AEC5-4214-987D-44C344D8D250}.Release|Any CPU.Build.0 = Release|Any CPU
		{E9E4BA9B-2C75-420C-A82B-A1E382B10C01}.Debug|Any CPU.ActiveCfg = Debug|Any CPU
		{E9E4BA9B-2C75-420C-A82B-A1E382B10C01}.Debug|Any CPU.Build.0 = Debug|Any CPU
		{E9E4BA9B-2C75-420C-A82B-A1E382B10C01}.Release|Any CPU.ActiveCfg = Release|Any CPU
		{E9E4BA9B-2C75-420C-A82B-A1E382B10C01}.Release|Any CPU.Build.0 = Release|Any CPU
		{3B36B049-7ECC-41D9-B842-231B4880CE10}.Debug|Any CPU.ActiveCfg = Debug|Any CPU
		{3B36B049-7ECC-41D9-B842-231B4880CE10}.Debug|Any CPU.Build.0 = Debug|Any CPU
		{3B36B049-7ECC-41D9-B842-231B4880CE10}.Release|Any CPU.ActiveCfg = Release|Any CPU
		{3B36B049-7ECC-41D9-B842-231B4880CE10}.Release|Any CPU.Build.0 = Release|Any CPU
		{13922BA4-DC27-44A5-A749-287CFC0E5BFD}.Debug|Any CPU.ActiveCfg = Debug|Any CPU
		{13922BA4-DC27-44A5-A749-287CFC0E5BFD}.Debug|Any CPU.Build.0 = Debug|Any CPU
		{13922BA4-DC27-44A5-A749-287CFC0E5BFD}.Release|Any CPU.ActiveCfg = Release|Any CPU
		{13922BA4-DC27-44A5-A749-287CFC0E5BFD}.Release|Any CPU.Build.0 = Release|Any CPU
		{FB59C0F8-6F14-4A1A-BB99-0D6491FEB02C}.Debug|Any CPU.ActiveCfg = Debug|Any CPU
		{FB59C0F8-6F14-4A1A-BB99-0D6491FEB02C}.Debug|Any CPU.Build.0 = Debug|Any CPU
		{FB59C0F8-6F14-4A1A-BB99-0D6491FEB02C}.Release|Any CPU.ActiveCfg = Release|Any CPU
		{FB59C0F8-6F14-4A1A-BB99-0D6491FEB02C}.Release|Any CPU.Build.0 = Release|Any CPU
		{83889E65-ED80-48B8-95F5-A1699D0F173C}.Debug|Any CPU.ActiveCfg = Debug|Any CPU
		{83889E65-ED80-48B8-95F5-A1699D0F173C}.Debug|Any CPU.Build.0 = Debug|Any CPU
		{83889E65-ED80-48B8-95F5-A1699D0F173C}.Release|Any CPU.ActiveCfg = Release|Any CPU
		{83889E65-ED80-48B8-95F5-A1699D0F173C}.Release|Any CPU.Build.0 = Release|Any CPU
		{9AD83B24-9184-494F-B7A9-5265256563AA}.Debug|Any CPU.ActiveCfg = Debug|Any CPU
		{9AD83B24-9184-494F-B7A9-5265256563AA}.Debug|Any CPU.Build.0 = Debug|Any CPU
		{9AD83B24-9184-494F-B7A9-5265256563AA}.Release|Any CPU.ActiveCfg = Release|Any CPU
		{9AD83B24-9184-494F-B7A9-5265256563AA}.Release|Any CPU.Build.0 = Release|Any CPU
	EndGlobalSection
	GlobalSection(SolutionProperties) = preSolution
		HideSolutionNode = FALSE
	EndGlobalSection
	GlobalSection(ExtensibilityGlobals) = postSolution
		SolutionGuid = {E0EE467E-C56E-4DA3-AF40-3BB622D9E05E}
	EndGlobalSection
EndGlobal
